PODS:
  - Alamofire (4.5.1)
  - AlamofireImage (3.3.0):
    - Alamofire (~> 4.5)
  - Ambience (0.1.0)
  - Appodeal (2.1.7):
    - Appodeal/Full (= 2.1.7)
  - Appodeal/AdColonyAdapter (2.1.7):
    - Appodeal/Core
  - Appodeal/AmazonAdsAdapter (2.1.7):
    - Appodeal/Core
  - Appodeal/AppLovinAdapter (2.1.7):
    - Appodeal/Core
  - Appodeal/Banner (2.1.7):
    - Appodeal/AmazonAdsAdapter
    - Appodeal/FacebookAudienceAdapter
    - Appodeal/GoogleAdMobAdapter
    - Appodeal/InMobiAdapter
    - Appodeal/MyTargetAdapter
    - Appodeal/StartAppAdapter
    - Appodeal/TwitterMoPubAdapter
    - Appodeal/YandexAdapter
  - Appodeal/ChartboostAdapter (2.1.7):
    - Appodeal/Core
  - Appodeal/Core (2.1.7)
  - Appodeal/FacebookAudienceAdapter (2.1.7):
    - Appodeal/Core
  - Appodeal/FlurryAdapter (2.1.7):
    - Appodeal/Core
  - Appodeal/Full (2.1.7):
    - Appodeal/Banner
    - Appodeal/Core
    - Appodeal/Interstitial
    - Appodeal/Native
    - Appodeal/Video
  - Appodeal/GoogleAdMobAdapter (2.1.7):
    - Appodeal/Core
  - Appodeal/InMobiAdapter (2.1.7):
    - Appodeal/Core
  - Appodeal/Interstitial (2.1.7):
    - Appodeal/AmazonAdsAdapter
    - Appodeal/FacebookAudienceAdapter
    - Appodeal/GoogleAdMobAdapter
    - Appodeal/InMobiAdapter
    - Appodeal/Video
    - Appodeal/YandexAdapter
  - Appodeal/IronSource (2.1.7):
    - Appodeal/Core
  - Appodeal/MyTargetAdapter (2.1.7):
    - Appodeal/Core
  - Appodeal/Native (2.1.7):
    - Appodeal/AppLovinAdapter
    - Appodeal/FacebookAudienceAdapter
    - Appodeal/FlurryAdapter
    - Appodeal/InMobiAdapter
    - Appodeal/MyTargetAdapter
    - Appodeal/PubnativeAdapter
    - Appodeal/StartAppAdapter
    - Appodeal/TwitterMoPubAdapter
  - Appodeal/PubnativeAdapter (2.1.7):
    - Appodeal/Core
  - Appodeal/StartAppAdapter (2.1.7):
    - Appodeal/Core
  - Appodeal/TapjoyAdapter (2.1.7):
    - Appodeal/Core
  - Appodeal/TwitterMoPubAdapter (2.1.7):
    - Appodeal/Core
  - Appodeal/UnityAdapter (2.1.7):
    - Appodeal/Core
  - Appodeal/Video (2.1.7):
    - Appodeal/AdColonyAdapter
    - Appodeal/AppLovinAdapter
    - Appodeal/ChartboostAdapter
    - Appodeal/InMobiAdapter
    - Appodeal/IronSource
    - Appodeal/MyTargetAdapter
    - Appodeal/StartAppAdapter
    - Appodeal/TapjoyAdapter
    - Appodeal/TwitterMoPubAdapter
    - Appodeal/UnityAdapter
    - Appodeal/VungleAdapter
  - Appodeal/VungleAdapter (2.1.7):
    - Appodeal/Core
  - Appodeal/YandexAdapter (2.1.7):
    - Appodeal/Core
  - Armchair (0.3.5)
  - Cards (1.3.0):
    - Player
  - DynamicBlurView (2.0.1)
  - Eureka (4.0.1)
  - INSNibLoading (1.0.2)
  - INSPhotoGallery (1.2.3)
  - Player (0.8.4)
  - PopupDialog (0.7.0):
    - DynamicBlurView (~> 2.0)
  - SVProgressHUD (2.2.2)
  - SwiftyJSON (4.0.0)
  - SwiftyOnboard (1.3.6)
  - UIScrollView-InfiniteScroll (1.0.2)
  - UPCarouselFlowLayout (1.1.1)

DEPENDENCIES:
  - AlamofireImage (~> 3.3)
  - Ambience
  - Appodeal (~> 2.1.7)
  - Armchair (>= 0.3)
  - Cards
  - Eureka
  - INSNibLoading
  - INSPhotoGallery
  - PopupDialog (~> 0.7)
  - SVProgressHUD
  - SwiftyJSON
  - SwiftyOnboard
  - UIScrollView-InfiniteScroll (~> 1.0.0)
  - UPCarouselFlowLayout

SPEC CHECKSUMS:
  Alamofire: 2d95912bf4c34f164fdfc335872e8c312acaea4a
  AlamofireImage: 2e784dc5d00f04903a52c1d169181469c805c3df
  Ambience: 753124d6c853199950a643dcc17a6419c2acf0e5
  Appodeal: a2ff6b690c081388881fa053b23c04630fa8fac5
  Armchair: 0ab9237bc373e26245c7651acf193d85fb9c033a
  Cards: 40bd9052b7ffca2ff621ed282fe596c474af80c8
  DynamicBlurView: 5e6babd80cc0ddfd3ddfc4f5dacf2fe4181e7c52
  Eureka: c8bd5cc07143b6f66268c208d28a246c99b41955
  INSNibLoading: 0244d5b9c30d4642c77b31469cbfd905e8b1efb3
  INSPhotoGallery: 2c07e4a5b5be1b4fd49c0c1f16eed28c6fe8a15d
  Player: e45514e9e5fb8ff18f50eb2ba6f84dac9b6a0024
  PopupDialog: 4abc6db5b22b7c8029e2162bde8891ee6aa4b6c8
  SVProgressHUD: 59b2d3dabacbd051576d21d32293ca7228dc18b0
  SwiftyJSON: 070dabdcb1beb81b247c65ffa3a79dbbfb3b48aa
  SwiftyOnboard: 8dec41d4725b3e6ebcae276dd206d7f74c1b7f61
  UIScrollView-InfiniteScroll: c132d6d5851daff229ab4a1060ccf70a05a051c9
  UPCarouselFlowLayout: 02045c1505d63057fba3d9975be880a8d16bf17d

PODFILE CHECKSUM: f618a74cb2094a7b9adf4c39489a7ef1bd47777d

COCOAPODS: 1.3.1
