// !$*UTF8*$!
{
	archiveVersion = 1;
	classes = {
	};
	objectVersion = 48;
	objects = {

/* Begin PBXBuildFile section */
		4001EDC72014679D00F206A3 /* StoreKit.framework in Frameworks */ = {isa = PBXBuildFile; fileRef = 4001EDC62014679D00F206A3 /* StoreKit.framework */; };
		409EB79521A7FDF400EA1800 /* Pods_My_Wall.framework in Frameworks */ = {isa = PBXBuildFile; fileRef = 409EB79421A7FDF400EA1800 /* Pods_My_Wall.framework */; };
		409EB79C21A8060F00EA1800 /* HomeCollectionController.swift in Sources */ = {isa = PBXBuildFile; fileRef = 409EB79B21A8060F00EA1800 /* HomeCollectionController.swift */; };
		409EB79E21A8062F00EA1800 /* SettingsController.swift in Sources */ = {isa = PBXBuildFile; fileRef = 409EB79D21A8062F00EA1800 /* SettingsController.swift */; };
		409EB7A021A8064100EA1800 /* CategoriesTableController.swift in Sources */ = {isa = PBXBuildFile; fileRef = 409EB79F21A8064100EA1800 /* CategoriesTableController.swift */; };
		409EB7A221A80BF900EA1800 /* SearchVM.swift in Sources */ = {isa = PBXBuildFile; fileRef = 409EB7A121A80BF900EA1800 /* SearchVM.swift */; };
		409EB7A621A8125300EA1800 /* Extensions.swift in Sources */ = {isa = PBXBuildFile; fileRef = 409EB7A521A8125300EA1800 /* Extensions.swift */; };
		409EB7A821A813E900EA1800 /* PinterestLayout.swift in Sources */ = {isa = PBXBuildFile; fileRef = 409EB7A721A813E900EA1800 /* PinterestLayout.swift */; };
		409EB7AB21A8158000EA1800 /* WallpaperCell.swift in Sources */ = {isa = PBXBuildFile; fileRef = 409EB7AA21A8158000EA1800 /* WallpaperCell.swift */; };
		40AF54311FC753AC00E3D019 /* AppDelegate.swift in Sources */ = {isa = PBXBuildFile; fileRef = 40AF54301FC753AC00E3D019 /* AppDelegate.swift */; };
		40AF54361FC753AC00E3D019 /* Main.storyboard in Resources */ = {isa = PBXBuildFile; fileRef = 40AF54341FC753AC00E3D019 /* Main.storyboard */; };
		40AF54381FC753AC00E3D019 /* Assets.xcassets in Resources */ = {isa = PBXBuildFile; fileRef = 40AF54371FC753AC00E3D019 /* Assets.xcassets */; };
		40AF543B1FC753AC00E3D019 /* LaunchScreen.storyboard in Resources */ = {isa = PBXBuildFile; fileRef = 40AF54391FC753AC00E3D019 /* LaunchScreen.storyboard */; };
		40CA771B21A85D93004636EE /* Color.swift in Sources */ = {isa = PBXBuildFile; fileRef = 40CA771A21A85D93004636EE /* Color.swift */; };
		40CA771D21A85F28004636EE /* WebService.swift in Sources */ = {isa = PBXBuildFile; fileRef = 40CA771C21A85F28004636EE /* WebService.swift */; };
		40CA771F21A86150004636EE /* Wallpaper.swift in Sources */ = {isa = PBXBuildFile; fileRef = 40CA771E21A86150004636EE /* Wallpaper.swift */; };
		40CA772321AC2712004636EE /* BookmarksCollectionController.swift in Sources */ = {isa = PBXBuildFile; fileRef = 40CA772221AC2712004636EE /* BookmarksCollectionController.swift */; };
		40CA772521AC564A004636EE /* CategoryCell.swift in Sources */ = {isa = PBXBuildFile; fileRef = 40CA772421AC564A004636EE /* CategoryCell.swift */; };
		40CA772721AC56A9004636EE /* CategoryWallpaperCell.swift in Sources */ = {isa = PBXBuildFile; fileRef = 40CA772621AC56A9004636EE /* CategoryWallpaperCell.swift */; };
		40CA772B21AD211C004636EE /* WallpapersListVM.swift in Sources */ = {isa = PBXBuildFile; fileRef = 40CA772A21AD211C004636EE /* WallpapersListVM.swift */; };
		40CA772D21AD2A56004636EE /* CategoriesListVM.swift in Sources */ = {isa = PBXBuildFile; fileRef = 40CA772C21AD2A56004636EE /* CategoriesListVM.swift */; };
		40CA772F21AD8D76004636EE /* ImageViewController.swift in Sources */ = {isa = PBXBuildFile; fileRef = 40CA772E21AD8D76004636EE /* ImageViewController.swift */; };
		40CA773321AD91CB004636EE /* ImageCells.swift in Sources */ = {isa = PBXBuildFile; fileRef = 40CA773221AD91CB004636EE /* ImageCells.swift */; };
		40CA773821ADD0CE004636EE /* fa-light-300.ttf in Resources */ = {isa = PBXBuildFile; fileRef = 40CA773521ADD0CD004636EE /* fa-light-300.ttf */; };
		40CA773921ADD0CE004636EE /* fa-regular-400.ttf in Resources */ = {isa = PBXBuildFile; fileRef = 40CA773621ADD0CD004636EE /* fa-regular-400.ttf */; };
		40CA773A21ADD0CE004636EE /* fa-solid-900.ttf in Resources */ = {isa = PBXBuildFile; fileRef = 40CA773721ADD0CE004636EE /* fa-solid-900.ttf */; };
		40CA773D21AED0A0004636EE /* Wallpaper.xcdatamodeld in Sources */ = {isa = PBXBuildFile; fileRef = 40CA773B21AED0A0004636EE /* Wallpaper.xcdatamodeld */; };
		40CA774721AEE350004636EE /* BookmarkService.swift in Sources */ = {isa = PBXBuildFile; fileRef = 40CA774621AEE350004636EE /* BookmarkService.swift */; };
		40CA774921AFC962004636EE /* BookmarksListVM.swift in Sources */ = {isa = PBXBuildFile; fileRef = 40CA774821AFC962004636EE /* BookmarksListVM.swift */; };
		40CA774C21B015B6004636EE /* Bookmark+CoreDataClass.swift in Sources */ = {isa = PBXBuildFile; fileRef = 40CA774A21B015B5004636EE /* Bookmark+CoreDataClass.swift */; };
		40CA774D21B015B6004636EE /* Bookmark+CoreDataProperties.swift in Sources */ = {isa = PBXBuildFile; fileRef = 40CA774B21B015B6004636EE /* Bookmark+CoreDataProperties.swift */; };
		40E1DBFC21B08954008EE0EC /* IAPProducts.swift in Sources */ = {isa = PBXBuildFile; fileRef = 40E1DBFA21B08954008EE0EC /* IAPProducts.swift */; };
		40E1DBFF21B10416008EE0EC /* LoadingCell.swift in Sources */ = {isa = PBXBuildFile; fileRef = 40E1DBFE21B10416008EE0EC /* LoadingCell.swift */; };
		40E1DC0121B3EF5B008EE0EC /* GoogleService-Info.plist in Resources */ = {isa = PBXBuildFile; fileRef = 40E1DC0021B3EF5A008EE0EC /* GoogleService-Info.plist */; };
		539AD10EF17BFDE346A4D300 /* Pods_My_WallTests.framework in Frameworks */ = {isa = PBXBuildFile; fileRef = CFFE2CF6B1F042CB430F4E0D /* Pods_My_WallTests.framework */; };
		FEC8844A532BC869DCDA1B64 /* Pods_My_WallUITests.framework in Frameworks */ = {isa = PBXBuildFile; fileRef = BD4D04F5D90D7FB9BF1F068C /* Pods_My_WallUITests.framework */; };
/* End PBXBuildFile section */

/* Begin PBXContainerItemProxy section */
		40AF54421FC753AC00E3D019 /* PBXContainerItemProxy */ = {
			isa = PBXContainerItemProxy;
			containerPortal = 40AF54251FC753AB00E3D019 /* Project object */;
			proxyType = 1;
			remoteGlobalIDString = 40AF542C1FC753AB00E3D019;
			remoteInfo = "My Wall";
		};
		40AF544D1FC753AC00E3D019 /* PBXContainerItemProxy */ = {
			isa = PBXContainerItemProxy;
			containerPortal = 40AF54251FC753AB00E3D019 /* Project object */;
			proxyType = 1;
			remoteGlobalIDString = 40AF542C1FC753AB00E3D019;
			remoteInfo = "My Wall";
		};
/* End PBXContainerItemProxy section */

/* Begin PBXFileReference section */
		4001EDC62014679D00F206A3 /* StoreKit.framework */ = {isa = PBXFileReference; lastKnownFileType = wrapper.framework; name = StoreKit.framework; path = System/Library/Frameworks/StoreKit.framework; sourceTree = SDKROOT; };
		409EB79421A7FDF400EA1800 /* Pods_My_Wall.framework */ = {isa = PBXFileReference; explicitFileType = wrapper.framework; path = Pods_My_Wall.framework; sourceTree = BUILT_PRODUCTS_DIR; };
		409EB79B21A8060F00EA1800 /* HomeCollectionController.swift */ = {isa = PBXFileReference; lastKnownFileType = sourcecode.swift; path = HomeCollectionController.swift; sourceTree = "<group>"; };
		409EB79D21A8062F00EA1800 /* SettingsController.swift */ = {isa = PBXFileReference; lastKnownFileType = sourcecode.swift; path = SettingsController.swift; sourceTree = "<group>"; };
		409EB79F21A8064100EA1800 /* CategoriesTableController.swift */ = {isa = PBXFileReference; lastKnownFileType = sourcecode.swift; path = CategoriesTableController.swift; sourceTree = "<group>"; };
		409EB7A121A80BF900EA1800 /* SearchVM.swift */ = {isa = PBXFileReference; fileEncoding = 4; lastKnownFileType = sourcecode.swift; path = SearchVM.swift; sourceTree = "<group>"; };
		409EB7A521A8125300EA1800 /* Extensions.swift */ = {isa = PBXFileReference; lastKnownFileType = sourcecode.swift; path = Extensions.swift; sourceTree = "<group>"; };
		409EB7A721A813E900EA1800 /* PinterestLayout.swift */ = {isa = PBXFileReference; fileEncoding = 4; lastKnownFileType = sourcecode.swift; path = PinterestLayout.swift; sourceTree = "<group>"; };
		409EB7AA21A8158000EA1800 /* WallpaperCell.swift */ = {isa = PBXFileReference; lastKnownFileType = sourcecode.swift; path = WallpaperCell.swift; sourceTree = "<group>"; };
		40AF542D1FC753AB00E3D019 /* My Wall.app */ = {isa = PBXFileReference; explicitFileType = wrapper.application; includeInIndex = 0; path = "My Wall.app"; sourceTree = BUILT_PRODUCTS_DIR; };
		40AF54301FC753AC00E3D019 /* AppDelegate.swift */ = {isa = PBXFileReference; lastKnownFileType = sourcecode.swift; path = AppDelegate.swift; sourceTree = "<group>"; };
		40AF54351FC753AC00E3D019 /* Base */ = {isa = PBXFileReference; lastKnownFileType = file.storyboard; name = Base; path = Base.lproj/Main.storyboard; sourceTree = "<group>"; };
		40AF54371FC753AC00E3D019 /* Assets.xcassets */ = {isa = PBXFileReference; lastKnownFileType = folder.assetcatalog; path = Assets.xcassets; sourceTree = "<group>"; };
		40AF543A1FC753AC00E3D019 /* Base */ = {isa = PBXFileReference; lastKnownFileType = file.storyboard; name = Base; path = Base.lproj/LaunchScreen.storyboard; sourceTree = "<group>"; };
		40AF543C1FC753AC00E3D019 /* Info.plist */ = {isa = PBXFileReference; lastKnownFileType = text.plist.xml; path = Info.plist; sourceTree = "<group>"; };
		40AF54411FC753AC00E3D019 /* My WallTests.xctest */ = {isa = PBXFileReference; explicitFileType = wrapper.cfbundle; includeInIndex = 0; path = "My WallTests.xctest"; sourceTree = BUILT_PRODUCTS_DIR; };
		40AF544C1FC753AC00E3D019 /* My WallUITests.xctest */ = {isa = PBXFileReference; explicitFileType = wrapper.cfbundle; includeInIndex = 0; path = "My WallUITests.xctest"; sourceTree = BUILT_PRODUCTS_DIR; };
		40CA771A21A85D93004636EE /* Color.swift */ = {isa = PBXFileReference; lastKnownFileType = sourcecode.swift; path = Color.swift; sourceTree = "<group>"; };
		40CA771C21A85F28004636EE /* WebService.swift */ = {isa = PBXFileReference; lastKnownFileType = sourcecode.swift; path = WebService.swift; sourceTree = "<group>"; };
		40CA771E21A86150004636EE /* Wallpaper.swift */ = {isa = PBXFileReference; lastKnownFileType = sourcecode.swift; path = Wallpaper.swift; sourceTree = "<group>"; };
		40CA772221AC2712004636EE /* BookmarksCollectionController.swift */ = {isa = PBXFileReference; lastKnownFileType = sourcecode.swift; path = BookmarksCollectionController.swift; sourceTree = "<group>"; };
		40CA772421AC564A004636EE /* CategoryCell.swift */ = {isa = PBXFileReference; lastKnownFileType = sourcecode.swift; path = CategoryCell.swift; sourceTree = "<group>"; };
		40CA772621AC56A9004636EE /* CategoryWallpaperCell.swift */ = {isa = PBXFileReference; lastKnownFileType = sourcecode.swift; path = CategoryWallpaperCell.swift; sourceTree = "<group>"; };
		40CA772A21AD211C004636EE /* WallpapersListVM.swift */ = {isa = PBXFileReference; lastKnownFileType = sourcecode.swift; path = WallpapersListVM.swift; sourceTree = "<group>"; };
		40CA772C21AD2A56004636EE /* CategoriesListVM.swift */ = {isa = PBXFileReference; lastKnownFileType = sourcecode.swift; path = CategoriesListVM.swift; sourceTree = "<group>"; };
		40CA772E21AD8D76004636EE /* ImageViewController.swift */ = {isa = PBXFileReference; fileEncoding = 4; lastKnownFileType = sourcecode.swift; path = ImageViewController.swift; sourceTree = "<group>"; };
		40CA773221AD91CB004636EE /* ImageCells.swift */ = {isa = PBXFileReference; fileEncoding = 4; lastKnownFileType = sourcecode.swift; path = ImageCells.swift; sourceTree = "<group>"; };
		40CA773521ADD0CD004636EE /* fa-light-300.ttf */ = {isa = PBXFileReference; lastKnownFileType = file; path = "fa-light-300.ttf"; sourceTree = "<group>"; };
		40CA773621ADD0CD004636EE /* fa-regular-400.ttf */ = {isa = PBXFileReference; lastKnownFileType = file; path = "fa-regular-400.ttf"; sourceTree = "<group>"; };
		40CA773721ADD0CE004636EE /* fa-solid-900.ttf */ = {isa = PBXFileReference; lastKnownFileType = file; path = "fa-solid-900.ttf"; sourceTree = "<group>"; };
		40CA773C21AED0A0004636EE /* Wallpaper.xcdatamodel */ = {isa = PBXFileReference; lastKnownFileType = wrapper.xcdatamodel; path = Wallpaper.xcdatamodel; sourceTree = "<group>"; };
		40CA774621AEE350004636EE /* BookmarkService.swift */ = {isa = PBXFileReference; lastKnownFileType = sourcecode.swift; path = BookmarkService.swift; sourceTree = "<group>"; };
		40CA774821AFC962004636EE /* BookmarksListVM.swift */ = {isa = PBXFileReference; lastKnownFileType = sourcecode.swift; path = BookmarksListVM.swift; sourceTree = "<group>"; };
		40CA774A21B015B5004636EE /* Bookmark+CoreDataClass.swift */ = {isa = PBXFileReference; lastKnownFileType = sourcecode.swift; name = "Bookmark+CoreDataClass.swift"; path = "/Users/sobhaneskandari/Programming/iOS Programming/Appstore/My Wall/My Wall/Model/Bookmark+CoreDataClass.swift"; sourceTree = "<absolute>"; };
		40CA774B21B015B6004636EE /* Bookmark+CoreDataProperties.swift */ = {isa = PBXFileReference; lastKnownFileType = sourcecode.swift; name = "Bookmark+CoreDataProperties.swift"; path = "/Users/sobhaneskandari/Programming/iOS Programming/Appstore/My Wall/My Wall/Model/Bookmark+CoreDataProperties.swift"; sourceTree = "<absolute>"; };
		40E1DBFA21B08954008EE0EC /* IAPProducts.swift */ = {isa = PBXFileReference; fileEncoding = 4; lastKnownFileType = sourcecode.swift; path = IAPProducts.swift; sourceTree = "<group>"; };
		40E1DBFE21B10416008EE0EC /* LoadingCell.swift */ = {isa = PBXFileReference; lastKnownFileType = sourcecode.swift; path = LoadingCell.swift; sourceTree = "<group>"; };
		40E1DC0021B3EF5A008EE0EC /* GoogleService-Info.plist */ = {isa = PBXFileReference; fileEncoding = 4; lastKnownFileType = text.plist.xml; path = "GoogleService-Info.plist"; sourceTree = "<group>"; };
		40E1DC0221B40A8B008EE0EC /* My Wall.entitlements */ = {isa = PBXFileReference; lastKnownFileType = text.plist.entitlements; path = "My Wall.entitlements"; sourceTree = "<group>"; };
		5158D92E1B1ECED7BF94077F /* Pods-My WallUITests.debug.xcconfig */ = {isa = PBXFileReference; includeInIndex = 1; lastKnownFileType = text.xcconfig; name = "Pods-My WallUITests.debug.xcconfig"; path = "Pods/Target Support Files/Pods-My WallUITests/Pods-My WallUITests.debug.xcconfig"; sourceTree = "<group>"; };
		5485D966C43EE6B90A0B454D /* Pods-My WallUITests.release.xcconfig */ = {isa = PBXFileReference; includeInIndex = 1; lastKnownFileType = text.xcconfig; name = "Pods-My WallUITests.release.xcconfig"; path = "Pods/Target Support Files/Pods-My WallUITests/Pods-My WallUITests.release.xcconfig"; sourceTree = "<group>"; };
		667AA127ECFCF2896F4F6FED /* Pods-My WallTests.release.xcconfig */ = {isa = PBXFileReference; includeInIndex = 1; lastKnownFileType = text.xcconfig; name = "Pods-My WallTests.release.xcconfig"; path = "Pods/Target Support Files/Pods-My WallTests/Pods-My WallTests.release.xcconfig"; sourceTree = "<group>"; };
		66BEA2658D85117E043B8988 /* Pods-My WallTests.debug.xcconfig */ = {isa = PBXFileReference; includeInIndex = 1; lastKnownFileType = text.xcconfig; name = "Pods-My WallTests.debug.xcconfig"; path = "Pods/Target Support Files/Pods-My WallTests/Pods-My WallTests.debug.xcconfig"; sourceTree = "<group>"; };
		71EBDE21BA30E29AAC4D5B32 /* Pods-My Wall.debug.xcconfig */ = {isa = PBXFileReference; includeInIndex = 1; lastKnownFileType = text.xcconfig; name = "Pods-My Wall.debug.xcconfig"; path = "Pods/Target Support Files/Pods-My Wall/Pods-My Wall.debug.xcconfig"; sourceTree = "<group>"; };
		8AB84176DD8178F1CCF22401 /* Pods-My Wall.release.xcconfig */ = {isa = PBXFileReference; includeInIndex = 1; lastKnownFileType = text.xcconfig; name = "Pods-My Wall.release.xcconfig"; path = "Pods/Target Support Files/Pods-My Wall/Pods-My Wall.release.xcconfig"; sourceTree = "<group>"; };
		BD4D04F5D90D7FB9BF1F068C /* Pods_My_WallUITests.framework */ = {isa = PBXFileReference; explicitFileType = wrapper.framework; includeInIndex = 0; path = Pods_My_WallUITests.framework; sourceTree = BUILT_PRODUCTS_DIR; };
		CFFE2CF6B1F042CB430F4E0D /* Pods_My_WallTests.framework */ = {isa = PBXFileReference; explicitFileType = wrapper.framework; includeInIndex = 0; path = Pods_My_WallTests.framework; sourceTree = BUILT_PRODUCTS_DIR; };
/* End PBXFileReference section */

/* Begin PBXFrameworksBuildPhase section */
		40AF542A1FC753AB00E3D019 /* Frameworks */ = {
			isa = PBXFrameworksBuildPhase;
			buildActionMask = 2147483647;
			files = (
				409EB79521A7FDF400EA1800 /* Pods_My_Wall.framework in Frameworks */,
				4001EDC72014679D00F206A3 /* StoreKit.framework in Frameworks */,
			);
			runOnlyForDeploymentPostprocessing = 0;
		};
		40AF543E1FC753AC00E3D019 /* Frameworks */ = {
			isa = PBXFrameworksBuildPhase;
			buildActionMask = 2147483647;
			files = (
				539AD10EF17BFDE346A4D300 /* Pods_My_WallTests.framework in Frameworks */,
			);
			runOnlyForDeploymentPostprocessing = 0;
		};
		40AF54491FC753AC00E3D019 /* Frameworks */ = {
			isa = PBXFrameworksBuildPhase;
			buildActionMask = 2147483647;
			files = (
				FEC8844A532BC869DCDA1B64 /* Pods_My_WallUITests.framework in Frameworks */,
			);
			runOnlyForDeploymentPostprocessing = 0;
		};
/* End PBXFrameworksBuildPhase section */

/* Begin PBXGroup section */
		093B832B194A521A3C3D9E1C /* Frameworks */ = {
			isa = PBXGroup;
			children = (
				409EB79421A7FDF400EA1800 /* Pods_My_Wall.framework */,
				4001EDC62014679D00F206A3 /* StoreKit.framework */,
				CFFE2CF6B1F042CB430F4E0D /* Pods_My_WallTests.framework */,
				BD4D04F5D90D7FB9BF1F068C /* Pods_My_WallUITests.framework */,
			);
			name = Frameworks;
			sourceTree = "<group>";
		};
		11228DA770C8AC52B001178B /* Pods */ = {
			isa = PBXGroup;
			children = (
				71EBDE21BA30E29AAC4D5B32 /* Pods-My Wall.debug.xcconfig */,
				8AB84176DD8178F1CCF22401 /* Pods-My Wall.release.xcconfig */,
				66BEA2658D85117E043B8988 /* Pods-My WallTests.debug.xcconfig */,
				667AA127ECFCF2896F4F6FED /* Pods-My WallTests.release.xcconfig */,
				5158D92E1B1ECED7BF94077F /* Pods-My WallUITests.debug.xcconfig */,
				5485D966C43EE6B90A0B454D /* Pods-My WallUITests.release.xcconfig */,
			);
			name = Pods;
			sourceTree = "<group>";
		};
		409EB79621A803B400EA1800 /* View Models */ = {
			isa = PBXGroup;
			children = (
				409EB7A121A80BF900EA1800 /* SearchVM.swift */,
				40CA772A21AD211C004636EE /* WallpapersListVM.swift */,
				40CA772C21AD2A56004636EE /* CategoriesListVM.swift */,
				40CA774821AFC962004636EE /* BookmarksListVM.swift */,
			);
			path = "View Models";
			sourceTree = "<group>";
		};
		409EB79821A8040300EA1800 /* Model */ = {
			isa = PBXGroup;
			children = (
				40CA774A21B015B5004636EE /* Bookmark+CoreDataClass.swift */,
				40CA774B21B015B6004636EE /* Bookmark+CoreDataProperties.swift */,
				40CA771E21A86150004636EE /* Wallpaper.swift */,
				40CA773B21AED0A0004636EE /* Wallpaper.xcdatamodeld */,
			);
			path = Model;
			sourceTree = "<group>";
		};
		409EB79921A8040800EA1800 /* Controllers */ = {
			isa = PBXGroup;
			children = (
				40CA772E21AD8D76004636EE /* ImageViewController.swift */,
				409EB79B21A8060F00EA1800 /* HomeCollectionController.swift */,
				409EB79F21A8064100EA1800 /* CategoriesTableController.swift */,
				40CA772221AC2712004636EE /* BookmarksCollectionController.swift */,
				409EB79D21A8062F00EA1800 /* SettingsController.swift */,
			);
			path = Controllers;
			sourceTree = "<group>";
		};
		409EB79A21A8040E00EA1800 /* View */ = {
			isa = PBXGroup;
			children = (
			);
			path = View;
			sourceTree = "<group>";
		};
		409EB7A321A80C0100EA1800 /* Services */ = {
			isa = PBXGroup;
			children = (
				40CA771C21A85F28004636EE /* WebService.swift */,
				40CA774621AEE350004636EE /* BookmarkService.swift */,
			);
			path = Services;
			sourceTree = "<group>";
		};
		409EB7A421A8124600EA1800 /* Extensions */ = {
			isa = PBXGroup;
			children = (
				40E1DBFA21B08954008EE0EC /* IAPProducts.swift */,
				409EB7A721A813E900EA1800 /* PinterestLayout.swift */,
				409EB7A521A8125300EA1800 /* Extensions.swift */,
				40CA771A21A85D93004636EE /* Color.swift */,
			);
			path = Extensions;
			sourceTree = "<group>";
		};
		409EB7A921A8154E00EA1800 /* Cells */ = {
			isa = PBXGroup;
			children = (
				40CA773221AD91CB004636EE /* ImageCells.swift */,
				409EB7AA21A8158000EA1800 /* WallpaperCell.swift */,
				40CA772421AC564A004636EE /* CategoryCell.swift */,
				40CA772621AC56A9004636EE /* CategoryWallpaperCell.swift */,
				40E1DBFE21B10416008EE0EC /* LoadingCell.swift */,
			);
			path = Cells;
			sourceTree = "<group>";
		};
		40AF54241FC753AB00E3D019 = {
			isa = PBXGroup;
			children = (
				40E1DC0021B3EF5A008EE0EC /* GoogleService-Info.plist */,
				40AF542F1FC753AB00E3D019 /* My Wall */,
				40AF542E1FC753AB00E3D019 /* Products */,
				11228DA770C8AC52B001178B /* Pods */,
				093B832B194A521A3C3D9E1C /* Frameworks */,
			);
			sourceTree = "<group>";
		};
		40AF542E1FC753AB00E3D019 /* Products */ = {
			isa = PBXGroup;
			children = (
				40AF542D1FC753AB00E3D019 /* My Wall.app */,
				40AF54411FC753AC00E3D019 /* My WallTests.xctest */,
				40AF544C1FC753AC00E3D019 /* My WallUITests.xctest */,
			);
			name = Products;
			sourceTree = "<group>";
		};
		40AF542F1FC753AB00E3D019 /* My Wall */ = {
			isa = PBXGroup;
			children = (
				40E1DC0221B40A8B008EE0EC /* My Wall.entitlements */,
				40CA773421ADD0B8004636EE /* Recourses */,
				409EB7A421A8124600EA1800 /* Extensions */,
				409EB7A321A80C0100EA1800 /* Services */,
				409EB79821A8040300EA1800 /* Model */,
				409EB79621A803B400EA1800 /* View Models */,
				409EB79921A8040800EA1800 /* Controllers */,
				409EB7A921A8154E00EA1800 /* Cells */,
				409EB79A21A8040E00EA1800 /* View */,
				40AF54301FC753AC00E3D019 /* AppDelegate.swift */,
				40AF54341FC753AC00E3D019 /* Main.storyboard */,
				40AF54371FC753AC00E3D019 /* Assets.xcassets */,
				40AF54391FC753AC00E3D019 /* LaunchScreen.storyboard */,
				40AF543C1FC753AC00E3D019 /* Info.plist */,
			);
			path = "My Wall";
			sourceTree = "<group>";
		};
		40CA773421ADD0B8004636EE /* Recourses */ = {
			isa = PBXGroup;
			children = (
				40CA773521ADD0CD004636EE /* fa-light-300.ttf */,
				40CA773621ADD0CD004636EE /* fa-regular-400.ttf */,
				40CA773721ADD0CE004636EE /* fa-solid-900.ttf */,
			);
			path = Recourses;
			sourceTree = "<group>";
		};
/* End PBXGroup section */

/* Begin PBXNativeTarget section */
		40AF542C1FC753AB00E3D019 /* My Wall */ = {
			isa = PBXNativeTarget;
			buildConfigurationList = 40AF54551FC753AC00E3D019 /* Build configuration list for PBXNativeTarget "My Wall" */;
			buildPhases = (
				59CAFAACE2505006ACC21DD6 /* [CP] Check Pods Manifest.lock */,
				40AF54291FC753AB00E3D019 /* Sources */,
				40AF542A1FC753AB00E3D019 /* Frameworks */,
				40AF542B1FC753AB00E3D019 /* Resources */,
				C704E3C22EB99A2DFED8204A /* [CP] Embed Pods Frameworks */,
			);
			buildRules = (
			);
			dependencies = (
			);
			name = "My Wall";
			productName = "My Wall";
			productReference = 40AF542D1FC753AB00E3D019 /* My Wall.app */;
			productType = "com.apple.product-type.application";
		};
		40AF54401FC753AC00E3D019 /* My WallTests */ = {
			isa = PBXNativeTarget;
			buildConfigurationList = 40AF54581FC753AC00E3D019 /* Build configuration list for PBXNativeTarget "My WallTests" */;
			buildPhases = (
				8FD0ED4D59E30FD4C39BE431 /* [CP] Check Pods Manifest.lock */,
				40AF543D1FC753AC00E3D019 /* Sources */,
				40AF543E1FC753AC00E3D019 /* Frameworks */,
				40AF543F1FC753AC00E3D019 /* Resources */,
			);
			buildRules = (
			);
			dependencies = (
				40AF54431FC753AC00E3D019 /* PBXTargetDependency */,
			);
			name = "My WallTests";
			productName = "My WallTests";
			productReference = 40AF54411FC753AC00E3D019 /* My WallTests.xctest */;
			productType = "com.apple.product-type.bundle.unit-test";
		};
		40AF544B1FC753AC00E3D019 /* My WallUITests */ = {
			isa = PBXNativeTarget;
			buildConfigurationList = 40AF545B1FC753AC00E3D019 /* Build configuration list for PBXNativeTarget "My WallUITests" */;
			buildPhases = (
				434D3BD5F84C3E2BE13BA83B /* [CP] Check Pods Manifest.lock */,
				40AF54481FC753AC00E3D019 /* Sources */,
				40AF54491FC753AC00E3D019 /* Frameworks */,
				40AF544A1FC753AC00E3D019 /* Resources */,
			);
			buildRules = (
			);
			dependencies = (
				40AF544E1FC753AC00E3D019 /* PBXTargetDependency */,
			);
			name = "My WallUITests";
			productName = "My WallUITests";
			productReference = 40AF544C1FC753AC00E3D019 /* My WallUITests.xctest */;
			productType = "com.apple.product-type.bundle.ui-testing";
		};
/* End PBXNativeTarget section */

/* Begin PBXProject section */
		40AF54251FC753AB00E3D019 /* Project object */ = {
			isa = PBXProject;
			attributes = {
				LastSwiftUpdateCheck = 0910;
				LastUpgradeCheck = 0930;
				ORGANIZATIONNAME = "Sobhan Eskandari";
				TargetAttributes = {
					40AF542C1FC753AB00E3D019 = {
						CreatedOnToolsVersion = 9.1;
						LastSwiftMigration = 1010;
						ProvisioningStyle = Automatic;
						SystemCapabilities = {
							com.apple.BackgroundModes = {
								enabled = 1;
							};
							com.apple.InAppPurchase = {
								enabled = 1;
							};
							com.apple.Push = {
								enabled = 1;
							};
						};
					};
					40AF54401FC753AC00E3D019 = {
						CreatedOnToolsVersion = 9.1;
						ProvisioningStyle = Automatic;
					};
					40AF544B1FC753AC00E3D019 = {
						CreatedOnToolsVersion = 9.1;
						ProvisioningStyle = Automatic;
					};
				};
			};
			buildConfigurationList = 40AF54281FC753AB00E3D019 /* Build configuration list for PBXProject "My Wall" */;
			compatibilityVersion = "Xcode 8.0";
			developmentRegion = en;
			hasScannedForEncodings = 0;
			knownRegions = (
				en,
				Base,
			);
			mainGroup = 40AF54241FC753AB00E3D019;
			productRefGroup = 40AF542E1FC753AB00E3D019 /* Products */;
			projectDirPath = "";
			projectRoot = "";
			targets = (
				40AF542C1FC753AB00E3D019 /* My Wall */,
				40AF54401FC753AC00E3D019 /* My WallTests */,
				40AF544B1FC753AC00E3D019 /* My WallUITests */,
			);
		};
/* End PBXProject section */

/* Begin PBXResourcesBuildPhase section */
		40AF542B1FC753AB00E3D019 /* Resources */ = {
			isa = PBXResourcesBuildPhase;
			buildActionMask = 2147483647;
			files = (
				40CA773821ADD0CE004636EE /* fa-light-300.ttf in Resources */,
				40CA773921ADD0CE004636EE /* fa-regular-400.ttf in Resources */,
				40AF543B1FC753AC00E3D019 /* LaunchScreen.storyboard in Resources */,
				40CA773A21ADD0CE004636EE /* fa-solid-900.ttf in Resources */,
				40E1DC0121B3EF5B008EE0EC /* GoogleService-Info.plist in Resources */,
				40AF54381FC753AC00E3D019 /* Assets.xcassets in Resources */,
				40AF54361FC753AC00E3D019 /* Main.storyboard in Resources */,
			);
			runOnlyForDeploymentPostprocessing = 0;
		};
		40AF543F1FC753AC00E3D019 /* Resources */ = {
			isa = PBXResourcesBuildPhase;
			buildActionMask = 2147483647;
			files = (
			);
			runOnlyForDeploymentPostprocessing = 0;
		};
		40AF544A1FC753AC00E3D019 /* Resources */ = {
			isa = PBXResourcesBuildPhase;
			buildActionMask = 2147483647;
			files = (
			);
			runOnlyForDeploymentPostprocessing = 0;
		};
/* End PBXResourcesBuildPhase section */

/* Begin PBXShellScriptBuildPhase section */
		434D3BD5F84C3E2BE13BA83B /* [CP] Check Pods Manifest.lock */ = {
			isa = PBXShellScriptBuildPhase;
			buildActionMask = 2147483647;
			files = (
			);
			inputPaths = (
				"${PODS_PODFILE_DIR_PATH}/Podfile.lock",
				"${PODS_ROOT}/Manifest.lock",
			);
			name = "[CP] Check Pods Manifest.lock";
			outputPaths = (
				"$(DERIVED_FILE_DIR)/Pods-My WallUITests-checkManifestLockResult.txt",
			);
			runOnlyForDeploymentPostprocessing = 0;
			shellPath = /bin/sh;
			shellScript = "diff \"${PODS_PODFILE_DIR_PATH}/Podfile.lock\" \"${PODS_ROOT}/Manifest.lock\" > /dev/null\nif [ $? != 0 ] ; then\n    # print error to STDERR\n    echo \"error: The sandbox is not in sync with the Podfile.lock. Run 'pod install' or update your CocoaPods installation.\" >&2\n    exit 1\nfi\n# This output is used by Xcode 'outputs' to avoid re-running this script phase.\necho \"SUCCESS\" > \"${SCRIPT_OUTPUT_FILE_0}\"\n";
			showEnvVarsInLog = 0;
		};
		59CAFAACE2505006ACC21DD6 /* [CP] Check Pods Manifest.lock */ = {
			isa = PBXShellScriptBuildPhase;
			buildActionMask = 2147483647;
			files = (
			);
			inputPaths = (
				"${PODS_PODFILE_DIR_PATH}/Podfile.lock",
				"${PODS_ROOT}/Manifest.lock",
			);
			name = "[CP] Check Pods Manifest.lock";
			outputPaths = (
				"$(DERIVED_FILE_DIR)/Pods-My Wall-checkManifestLockResult.txt",
			);
			runOnlyForDeploymentPostprocessing = 0;
			shellPath = /bin/sh;
			shellScript = "diff \"${PODS_PODFILE_DIR_PATH}/Podfile.lock\" \"${PODS_ROOT}/Manifest.lock\" > /dev/null\nif [ $? != 0 ] ; then\n    # print error to STDERR\n    echo \"error: The sandbox is not in sync with the Podfile.lock. Run 'pod install' or update your CocoaPods installation.\" >&2\n    exit 1\nfi\n# This output is used by Xcode 'outputs' to avoid re-running this script phase.\necho \"SUCCESS\" > \"${SCRIPT_OUTPUT_FILE_0}\"\n";
			showEnvVarsInLog = 0;
		};
		8FD0ED4D59E30FD4C39BE431 /* [CP] Check Pods Manifest.lock */ = {
			isa = PBXShellScriptBuildPhase;
			buildActionMask = 2147483647;
			files = (
			);
			inputPaths = (
				"${PODS_PODFILE_DIR_PATH}/Podfile.lock",
				"${PODS_ROOT}/Manifest.lock",
			);
			name = "[CP] Check Pods Manifest.lock";
			outputPaths = (
				"$(DERIVED_FILE_DIR)/Pods-My WallTests-checkManifestLockResult.txt",
			);
			runOnlyForDeploymentPostprocessing = 0;
			shellPath = /bin/sh;
			shellScript = "diff \"${PODS_PODFILE_DIR_PATH}/Podfile.lock\" \"${PODS_ROOT}/Manifest.lock\" > /dev/null\nif [ $? != 0 ] ; then\n    # print error to STDERR\n    echo \"error: The sandbox is not in sync with the Podfile.lock. Run 'pod install' or update your CocoaPods installation.\" >&2\n    exit 1\nfi\n# This output is used by Xcode 'outputs' to avoid re-running this script phase.\necho \"SUCCESS\" > \"${SCRIPT_OUTPUT_FILE_0}\"\n";
			showEnvVarsInLog = 0;
		};
		C704E3C22EB99A2DFED8204A /* [CP] Embed Pods Frameworks */ = {
			isa = PBXShellScriptBuildPhase;
			buildActionMask = 2147483647;
			files = (
			);
			inputPaths = (
				"${SRCROOT}/Pods/Target Support Files/Pods-My Wall/Pods-My Wall-frameworks.sh",
				"${BUILT_PRODUCTS_DIR}/AZDialogView/AZDialogView.framework",
				"${BUILT_PRODUCTS_DIR}/GTMSessionFetcher/GTMSessionFetcher.framework",
				"${BUILT_PRODUCTS_DIR}/GoogleToolboxForMac/GoogleToolboxForMac.framework",
				"${BUILT_PRODUCTS_DIR}/GoogleUtilities/GoogleUtilities.framework",
				"${BUILT_PRODUCTS_DIR}/Hero/Hero.framework",
				"${BUILT_PRODUCTS_DIR}/Kingfisher/Kingfisher.framework",
				"${BUILT_PRODUCTS_DIR}/Protobuf/Protobuf.framework",
				"${BUILT_PRODUCTS_DIR}/SVProgressHUD/SVProgressHUD.framework",
				"${BUILT_PRODUCTS_DIR}/SwiftyJSON/SwiftyJSON.framework",
				"${BUILT_PRODUCTS_DIR}/SwiftyStoreKit/SwiftyStoreKit.framework",
				"${BUILT_PRODUCTS_DIR}/nanopb/nanopb.framework",
			);
			name = "[CP] Embed Pods Frameworks";
			outputPaths = (
				"${TARGET_BUILD_DIR}/${FRAMEWORKS_FOLDER_PATH}/AZDialogView.framework",
				"${TARGET_BUILD_DIR}/${FRAMEWORKS_FOLDER_PATH}/GTMSessionFetcher.framework",
				"${TARGET_BUILD_DIR}/${FRAMEWORKS_FOLDER_PATH}/GoogleToolboxForMac.framework",
				"${TARGET_BUILD_DIR}/${FRAMEWORKS_FOLDER_PATH}/GoogleUtilities.framework",
				"${TARGET_BUILD_DIR}/${FRAMEWORKS_FOLDER_PATH}/Hero.framework",
				"${TARGET_BUILD_DIR}/${FRAMEWORKS_FOLDER_PATH}/Kingfisher.framework",
				"${TARGET_BUILD_DIR}/${FRAMEWORKS_FOLDER_PATH}/Protobuf.framework",
				"${TARGET_BUILD_DIR}/${FRAMEWORKS_FOLDER_PATH}/SVProgressHUD.framework",
				"${TARGET_BUILD_DIR}/${FRAMEWORKS_FOLDER_PATH}/SwiftyJSON.framework",
				"${TARGET_BUILD_DIR}/${FRAMEWORKS_FOLDER_PATH}/SwiftyStoreKit.framework",
				"${TARGET_BUILD_DIR}/${FRAMEWORKS_FOLDER_PATH}/nanopb.framework",
			);
			runOnlyForDeploymentPostprocessing = 0;
			shellPath = /bin/sh;
			shellScript = "\"${SRCROOT}/Pods/Target Support Files/Pods-My Wall/Pods-My Wall-frameworks.sh\"\n";
			showEnvVarsInLog = 0;
		};
/* End PBXShellScriptBuildPhase section */

/* Begin PBXSourcesBuildPhase section */
		40AF54291FC753AB00E3D019 /* Sources */ = {
			isa = PBXSourcesBuildPhase;
			buildActionMask = 2147483647;
			files = (
				40CA772721AC56A9004636EE /* CategoryWallpaperCell.swift in Sources */,
				40CA772521AC564A004636EE /* CategoryCell.swift in Sources */,
				409EB7A021A8064100EA1800 /* CategoriesTableController.swift in Sources */,
				40CA772F21AD8D76004636EE /* ImageViewController.swift in Sources */,
				40CA774721AEE350004636EE /* BookmarkService.swift in Sources */,
				409EB7A621A8125300EA1800 /* Extensions.swift in Sources */,
				409EB7A221A80BF900EA1800 /* SearchVM.swift in Sources */,
				40CA773321AD91CB004636EE /* ImageCells.swift in Sources */,
				40CA772321AC2712004636EE /* BookmarksCollectionController.swift in Sources */,
				40CA774C21B015B6004636EE /* Bookmark+CoreDataClass.swift in Sources */,
				40E1DBFC21B08954008EE0EC /* IAPProducts.swift in Sources */,
				40CA772D21AD2A56004636EE /* CategoriesListVM.swift in Sources */,
				409EB7A821A813E900EA1800 /* PinterestLayout.swift in Sources */,
				409EB79E21A8062F00EA1800 /* SettingsController.swift in Sources */,
				409EB79C21A8060F00EA1800 /* HomeCollectionController.swift in Sources */,
				40CA771F21A86150004636EE /* Wallpaper.swift in Sources */,
				409EB7AB21A8158000EA1800 /* WallpaperCell.swift in Sources */,
				40AF54311FC753AC00E3D019 /* AppDelegate.swift in Sources */,
				40CA771D21A85F28004636EE /* WebService.swift in Sources */,
				40E1DBFF21B10416008EE0EC /* LoadingCell.swift in Sources */,
				40CA771B21A85D93004636EE /* Color.swift in Sources */,
				40CA774921AFC962004636EE /* BookmarksListVM.swift in Sources */,
				40CA774D21B015B6004636EE /* Bookmark+CoreDataProperties.swift in Sources */,
				40CA773D21AED0A0004636EE /* Wallpaper.xcdatamodeld in Sources */,
				40CA772B21AD211C004636EE /* WallpapersListVM.swift in Sources */,
			);
			runOnlyForDeploymentPostprocessing = 0;
		};
		40AF543D1FC753AC00E3D019 /* Sources */ = {
			isa = PBXSourcesBuildPhase;
			buildActionMask = 2147483647;
			files = (
			);
			runOnlyForDeploymentPostprocessing = 0;
		};
		40AF54481FC753AC00E3D019 /* Sources */ = {
			isa = PBXSourcesBuildPhase;
			buildActionMask = 2147483647;
			files = (
			);
			runOnlyForDeploymentPostprocessing = 0;
		};
/* End PBXSourcesBuildPhase section */

/* Begin PBXTargetDependency section */
		40AF54431FC753AC00E3D019 /* PBXTargetDependency */ = {
			isa = PBXTargetDependency;
			target = 40AF542C1FC753AB00E3D019 /* My Wall */;
			targetProxy = 40AF54421FC753AC00E3D019 /* PBXContainerItemProxy */;
		};
		40AF544E1FC753AC00E3D019 /* PBXTargetDependency */ = {
			isa = PBXTargetDependency;
			target = 40AF542C1FC753AB00E3D019 /* My Wall */;
			targetProxy = 40AF544D1FC753AC00E3D019 /* PBXContainerItemProxy */;
		};
/* End PBXTargetDependency section */

/* Begin PBXVariantGroup section */
		40AF54341FC753AC00E3D019 /* Main.storyboard */ = {
			isa = PBXVariantGroup;
			children = (
				40AF54351FC753AC00E3D019 /* Base */,
			);
			name = Main.storyboard;
			sourceTree = "<group>";
		};
		40AF54391FC753AC00E3D019 /* LaunchScreen.storyboard */ = {
			isa = PBXVariantGroup;
			children = (
				40AF543A1FC753AC00E3D019 /* Base */,
			);
			name = LaunchScreen.storyboard;
			sourceTree = "<group>";
		};
/* End PBXVariantGroup section */

/* Begin XCBuildConfiguration section */
		40AF54531FC753AC00E3D019 /* Debug */ = {
			isa = XCBuildConfiguration;
			buildSettings = {
				ALWAYS_SEARCH_USER_PATHS = NO;
				CLANG_ANALYZER_NONNULL = YES;
				CLANG_ANALYZER_NUMBER_OBJECT_CONVERSION = YES_AGGRESSIVE;
				CLANG_CXX_LANGUAGE_STANDARD = "gnu++14";
				CLANG_CXX_LIBRARY = "libc++";
				CLANG_ENABLE_MODULES = YES;
				CLANG_ENABLE_OBJC_ARC = YES;
				CLANG_WARN_BLOCK_CAPTURE_AUTORELEASING = YES;
				CLANG_WARN_BOOL_CONVERSION = YES;
				CLANG_WARN_COMMA = YES;
				CLANG_WARN_CONSTANT_CONVERSION = YES;
				CLANG_WARN_DEPRECATED_OBJC_IMPLEMENTATIONS = YES;
				CLANG_WARN_DIRECT_OBJC_ISA_USAGE = YES_ERROR;
				CLANG_WARN_DOCUMENTATION_COMMENTS = YES;
				CLANG_WARN_EMPTY_BODY = YES;
				CLANG_WARN_ENUM_CONVERSION = YES;
				CLANG_WARN_INFINITE_RECURSION = YES;
				CLANG_WARN_INT_CONVERSION = YES;
				CLANG_WARN_NON_LITERAL_NULL_CONVERSION = YES;
				CLANG_WARN_OBJC_IMPLICIT_RETAIN_SELF = YES;
				CLANG_WARN_OBJC_LITERAL_CONVERSION = YES;
				CLANG_WARN_OBJC_ROOT_CLASS = YES_ERROR;
				CLANG_WARN_RANGE_LOOP_ANALYSIS = YES;
				CLANG_WARN_STRICT_PROTOTYPES = YES;
				CLANG_WARN_SUSPICIOUS_MOVE = YES;
				CLANG_WARN_UNGUARDED_AVAILABILITY = YES_AGGRESSIVE;
				CLANG_WARN_UNREACHABLE_CODE = YES;
				CLANG_WARN__DUPLICATE_METHOD_MATCH = YES;
				CODE_SIGN_IDENTITY = "iPhone Developer";
				COPY_PHASE_STRIP = NO;
				DEBUG_INFORMATION_FORMAT = dwarf;
				ENABLE_STRICT_OBJC_MSGSEND = YES;
				ENABLE_TESTABILITY = YES;
				GCC_C_LANGUAGE_STANDARD = gnu11;
				GCC_DYNAMIC_NO_PIC = NO;
				GCC_NO_COMMON_BLOCKS = YES;
				GCC_OPTIMIZATION_LEVEL = 0;
				GCC_PREPROCESSOR_DEFINITIONS = (
					"DEBUG=1",
					"$(inherited)",
				);
				GCC_WARN_64_TO_32_BIT_CONVERSION = YES;
				GCC_WARN_ABOUT_RETURN_TYPE = YES_ERROR;
				GCC_WARN_UNDECLARED_SELECTOR = YES;
				GCC_WARN_UNINITIALIZED_AUTOS = YES_AGGRESSIVE;
				GCC_WARN_UNUSED_FUNCTION = YES;
				GCC_WARN_UNUSED_VARIABLE = YES;
				IPHONEOS_DEPLOYMENT_TARGET = 11.1;
				MTL_ENABLE_DEBUG_INFO = YES;
				ONLY_ACTIVE_ARCH = YES;
				SDKROOT = iphoneos;
				SWIFT_ACTIVE_COMPILATION_CONDITIONS = DEBUG;
				SWIFT_OPTIMIZATION_LEVEL = "-Onone";
			};
			name = Debug;
		};
		40AF54541FC753AC00E3D019 /* Release */ = {
			isa = XCBuildConfiguration;
			buildSettings = {
				ALWAYS_SEARCH_USER_PATHS = NO;
				CLANG_ANALYZER_NONNULL = YES;
				CLANG_ANALYZER_NUMBER_OBJECT_CONVERSION = YES_AGGRESSIVE;
				CLANG_CXX_LANGUAGE_STANDARD = "gnu++14";
				CLANG_CXX_LIBRARY = "libc++";
				CLANG_ENABLE_MODULES = YES;
				CLANG_ENABLE_OBJC_ARC = YES;
				CLANG_WARN_BLOCK_CAPTURE_AUTORELEASING = YES;
				CLANG_WARN_BOOL_CONVERSION = YES;
				CLANG_WARN_COMMA = YES;
				CLANG_WARN_CONSTANT_CONVERSION = YES;
				CLANG_WARN_DEPRECATED_OBJC_IMPLEMENTATIONS = YES;
				CLANG_WARN_DIRECT_OBJC_ISA_USAGE = YES_ERROR;
				CLANG_WARN_DOCUMENTATION_COMMENTS = YES;
				CLANG_WARN_EMPTY_BODY = YES;
				CLANG_WARN_ENUM_CONVERSION = YES;
				CLANG_WARN_INFINITE_RECURSION = YES;
				CLANG_WARN_INT_CONVERSION = YES;
				CLANG_WARN_NON_LITERAL_NULL_CONVERSION = YES;
				CLANG_WARN_OBJC_IMPLICIT_RETAIN_SELF = YES;
				CLANG_WARN_OBJC_LITERAL_CONVERSION = YES;
				CLANG_WARN_OBJC_ROOT_CLASS = YES_ERROR;
				CLANG_WARN_RANGE_LOOP_ANALYSIS = YES;
				CLANG_WARN_STRICT_PROTOTYPES = YES;
				CLANG_WARN_SUSPICIOUS_MOVE = YES;
				CLANG_WARN_UNGUARDED_AVAILABILITY = YES_AGGRESSIVE;
				CLANG_WARN_UNREACHABLE_CODE = YES;
				CLANG_WARN__DUPLICATE_METHOD_MATCH = YES;
				CODE_SIGN_IDENTITY = "iPhone Developer";
				COPY_PHASE_STRIP = NO;
				DEBUG_INFORMATION_FORMAT = "dwarf-with-dsym";
				ENABLE_NS_ASSERTIONS = NO;
				ENABLE_STRICT_OBJC_MSGSEND = YES;
				GCC_C_LANGUAGE_STANDARD = gnu11;
				GCC_NO_COMMON_BLOCKS = YES;
				GCC_WARN_64_TO_32_BIT_CONVERSION = YES;
				GCC_WARN_ABOUT_RETURN_TYPE = YES_ERROR;
				GCC_WARN_UNDECLARED_SELECTOR = YES;
				GCC_WARN_UNINITIALIZED_AUTOS = YES_AGGRESSIVE;
				GCC_WARN_UNUSED_FUNCTION = YES;
				GCC_WARN_UNUSED_VARIABLE = YES;
				IPHONEOS_DEPLOYMENT_TARGET = 11.1;
				MTL_ENABLE_DEBUG_INFO = NO;
				SDKROOT = iphoneos;
				SWIFT_OPTIMIZATION_LEVEL = "-Owholemodule";
				VALIDATE_PRODUCT = YES;
			};
			name = Release;
		};
		40AF54561FC753AC00E3D019 /* Debug */ = {
			isa = XCBuildConfiguration;
			baseConfigurationReference = 71EBDE21BA30E29AAC4D5B32 /* Pods-My Wall.debug.xcconfig */;
			buildSettings = {
				ASSETCATALOG_COMPILER_APPICON_NAME = AppIcon;
				CODE_SIGN_ENTITLEMENTS = "My Wall/My Wall.entitlements";
				CODE_SIGN_STYLE = Automatic;
				DEVELOPMENT_TEAM = 44E38FYW6J;
				INFOPLIST_FILE = "My Wall/Info.plist";
				IPHONEOS_DEPLOYMENT_TARGET = 10.0;
				LD_RUNPATH_SEARCH_PATHS = "$(inherited) @executable_path/Frameworks";
				PRODUCT_BUNDLE_IDENTIFIER = "ir.ser.My-Wall";
				PRODUCT_NAME = "$(TARGET_NAME)";
				SWIFT_VERSION = 4.2;
				TARGETED_DEVICE_FAMILY = "1,2";
			};
			name = Debug;
		};
		40AF54571FC753AC00E3D019 /* Release */ = {
			isa = XCBuildConfiguration;
			baseConfigurationReference = 8AB84176DD8178F1CCF22401 /* Pods-My Wall.release.xcconfig */;
			buildSettings = {
				ASSETCATALOG_COMPILER_APPICON_NAME = AppIcon;
				CODE_SIGN_ENTITLEMENTS = "My Wall/My Wall.entitlements";
				CODE_SIGN_STYLE = Automatic;
				DEVELOPMENT_TEAM = 44E38FYW6J;
				INFOPLIST_FILE = "My Wall/Info.plist";
				IPHONEOS_DEPLOYMENT_TARGET = 10.0;
				LD_RUNPATH_SEARCH_PATHS = "$(inherited) @executable_path/Frameworks";
				PRODUCT_BUNDLE_IDENTIFIER = "ir.ser.My-Wall";
				PRODUCT_NAME = "$(TARGET_NAME)";
				SWIFT_VERSION = 4.2;
				TARGETED_DEVICE_FAMILY = "1,2";
			};
			name = Release;
		};
		40AF54591FC753AC00E3D019 /* Debug */ = {
			isa = XCBuildConfiguration;
			baseConfigurationReference = 66BEA2658D85117E043B8988 /* Pods-My WallTests.debug.xcconfig */;
			buildSettings = {
				ALWAYS_EMBED_SWIFT_STANDARD_LIBRARIES = YES;
				CODE_SIGN_STYLE = Automatic;
				DEVELOPMENT_TEAM = 44E38FYW6J;
				INFOPLIST_FILE = "My WallTests/Info.plist";
				LD_RUNPATH_SEARCH_PATHS = "$(inherited) @executable_path/Frameworks @loader_path/Frameworks";
				PRODUCT_BUNDLE_IDENTIFIER = "ir.ser.My-WallTests";
				PRODUCT_NAME = "$(TARGET_NAME)";
				SWIFT_VERSION = 4.0;
				TARGETED_DEVICE_FAMILY = "1,2";
			};
			name = Debug;
		};
		40AF545A1FC753AC00E3D019 /* Release */ = {
			isa = XCBuildConfiguration;
			baseConfigurationReference = 667AA127ECFCF2896F4F6FED /* Pods-My WallTests.release.xcconfig */;
			buildSettings = {
				ALWAYS_EMBED_SWIFT_STANDARD_LIBRARIES = YES;
				CODE_SIGN_STYLE = Automatic;
				DEVELOPMENT_TEAM = 44E38FYW6J;
				INFOPLIST_FILE = "My WallTests/Info.plist";
				LD_RUNPATH_SEARCH_PATHS = "$(inherited) @executable_path/Frameworks @loader_path/Frameworks";
				PRODUCT_BUNDLE_IDENTIFIER = "ir.ser.My-WallTests";
				PRODUCT_NAME = "$(TARGET_NAME)";
				SWIFT_VERSION = 4.0;
				TARGETED_DEVICE_FAMILY = "1,2";
			};
			name = Release;
		};
		40AF545C1FC753AC00E3D019 /* Debug */ = {
			isa = XCBuildConfiguration;
			baseConfigurationReference = 5158D92E1B1ECED7BF94077F /* Pods-My WallUITests.debug.xcconfig */;
			buildSettings = {
				ALWAYS_EMBED_SWIFT_STANDARD_LIBRARIES = YES;
				CODE_SIGN_STYLE = Automatic;
				DEVELOPMENT_TEAM = 44E38FYW6J;
				INFOPLIST_FILE = "My WallUITests/Info.plist";
				LD_RUNPATH_SEARCH_PATHS = "$(inherited) @executable_path/Frameworks @loader_path/Frameworks";
				PRODUCT_BUNDLE_IDENTIFIER = "ir.ser.My-WallUITests";
				PRODUCT_NAME = "$(TARGET_NAME)";
				PROVISIONING_PROFILE = "";
				SWIFT_VERSION = 4.0;
				TARGETED_DEVICE_FAMILY = "1,2";
			};
			name = Debug;
		};
		40AF545D1FC753AC00E3D019 /* Release */ = {
			isa = XCBuildConfiguration;
			baseConfigurationReference = 5485D966C43EE6B90A0B454D /* Pods-My WallUITests.release.xcconfig */;
			buildSettings = {
				ALWAYS_EMBED_SWIFT_STANDARD_LIBRARIES = YES;
				CODE_SIGN_STYLE = Automatic;
				DEVELOPMENT_TEAM = 44E38FYW6J;
				INFOPLIST_FILE = "My WallUITests/Info.plist";
				LD_RUNPATH_SEARCH_PATHS = "$(inherited) @executable_path/Frameworks @loader_path/Frameworks";
				PRODUCT_BUNDLE_IDENTIFIER = "ir.ser.My-WallUITests";
				PRODUCT_NAME = "$(TARGET_NAME)";
				PROVISIONING_PROFILE = "";
				SWIFT_VERSION = 4.0;
				TARGETED_DEVICE_FAMILY = "1,2";
			};
			name = Release;
		};
/* End XCBuildConfiguration section */

/* Begin XCConfigurationList section */
		40AF54281FC753AB00E3D019 /* Build configuration list for PBXProject "My Wall" */ = {
			isa = XCConfigurationList;
			buildConfigurations = (
				40AF54531FC753AC00E3D019 /* Debug */,
				40AF54541FC753AC00E3D019 /* Release */,
			);
			defaultConfigurationIsVisible = 0;
			defaultConfigurationName = Release;
		};
		40AF54551FC753AC00E3D019 /* Build configuration list for PBXNativeTarget "My Wall" */ = {
			isa = XCConfigurationList;
			buildConfigurations = (
				40AF54561FC753AC00E3D019 /* Debug */,
				40AF54571FC753AC00E3D019 /* Release */,
			);
			defaultConfigurationIsVisible = 0;
			defaultConfigurationName = Release;
		};
		40AF54581FC753AC00E3D019 /* Build configuration list for PBXNativeTarget "My WallTests" */ = {
			isa = XCConfigurationList;
			buildConfigurations = (
				40AF54591FC753AC00E3D019 /* Debug */,
				40AF545A1FC753AC00E3D019 /* Release */,
			);
			defaultConfigurationIsVisible = 0;
			defaultConfigurationName = Release;
		};
		40AF545B1FC753AC00E3D019 /* Build configuration list for PBXNativeTarget "My WallUITests" */ = {
			isa = XCConfigurationList;
			buildConfigurations = (
				40AF545C1FC753AC00E3D019 /* Debug */,
				40AF545D1FC753AC00E3D019 /* Release */,
			);
			defaultConfigurationIsVisible = 0;
			defaultConfigurationName = Release;
		};
/* End XCConfigurationList section */

/* Begin XCVersionGroup section */
		40CA773B21AED0A0004636EE /* Wallpaper.xcdatamodeld */ = {
			isa = XCVersionGroup;
			children = (
				40CA773C21AED0A0004636EE /* Wallpaper.xcdatamodel */,
			);
			currentVersion = 40CA773C21AED0A0004636EE /* Wallpaper.xcdatamodel */;
			path = Wallpaper.xcdatamodeld;
			sourceTree = "<group>";
			versionGroupType = wrapper.xcdatamodel;
		};
/* End XCVersionGroup section */
	};
	rootObject = 40AF54251FC753AB00E3D019 /* Project object */;
}
