// !$*UTF8*$!
{
	archiveVersion = 1;
	classes = {
	};
	objectVersion = 48;
	objects = {

/* Begin PBXBuildFile section */
		40AF54311FC753AC00E3D019 /* AppDelegate.swift in Sources */ = {isa = PBXBuildFile; fileRef = 40AF54301FC753AC00E3D019 /* AppDelegate.swift */; };
		40AF54331FC753AC00E3D019 /* ViewController.swift in Sources */ = {isa = PBXBuildFile; fileRef = 40AF54321FC753AC00E3D019 /* ViewController.swift */; };
		40AF54361FC753AC00E3D019 /* Main.storyboard in Resources */ = {isa = PBXBuildFile; fileRef = 40AF54341FC753AC00E3D019 /* Main.storyboard */; };
		40AF54381FC753AC00E3D019 /* Assets.xcassets in Resources */ = {isa = PBXBuildFile; fileRef = 40AF54371FC753AC00E3D019 /* Assets.xcassets */; };
		40AF543B1FC753AC00E3D019 /* LaunchScreen.storyboard in Resources */ = {isa = PBXBuildFile; fileRef = 40AF54391FC753AC00E3D019 /* LaunchScreen.storyboard */; };
		40AF54461FC753AC00E3D019 /* My_WallTests.swift in Sources */ = {isa = PBXBuildFile; fileRef = 40AF54451FC753AC00E3D019 /* My_WallTests.swift */; };
		40AF54511FC753AC00E3D019 /* My_WallUITests.swift in Sources */ = {isa = PBXBuildFile; fileRef = 40AF54501FC753AC00E3D019 /* My_WallUITests.swift */; };
/* End PBXBuildFile section */

/* Begin PBXContainerItemProxy section */
		40AF54421FC753AC00E3D019 /* PBXContainerItemProxy */ = {
			isa = PBXContainerItemProxy;
			containerPortal = 40AF54251FC753AB00E3D019 /* Project object */;
			proxyType = 1;
			remoteGlobalIDString = 40AF542C1FC753AB00E3D019;
			remoteInfo = "My Wall";
		};
		40AF544D1FC753AC00E3D019 /* PBXContainerItemProxy */ = {
			isa = PBXContainerItemProxy;
			containerPortal = 40AF54251FC753AB00E3D019 /* Project object */;
			proxyType = 1;
			remoteGlobalIDString = 40AF542C1FC753AB00E3D019;
			remoteInfo = "My Wall";
		};
/* End PBXContainerItemProxy section */

/* Begin PBXFileReference section */
		40AF542D1FC753AB00E3D019 /* My Wall.app */ = {isa = PBXFileReference; explicitFileType = wrapper.application; includeInIndex = 0; path = "My Wall.app"; sourceTree = BUILT_PRODUCTS_DIR; };
		40AF54301FC753AC00E3D019 /* AppDelegate.swift */ = {isa = PBXFileReference; lastKnownFileType = sourcecode.swift; path = AppDelegate.swift; sourceTree = "<group>"; };
		40AF54321FC753AC00E3D019 /* ViewController.swift */ = {isa = PBXFileReference; lastKnownFileType = sourcecode.swift; path = ViewController.swift; sourceTree = "<group>"; };
		40AF54351FC753AC00E3D019 /* Base */ = {isa = PBXFileReference; lastKnownFileType = file.storyboard; name = Base; path = Base.lproj/Main.storyboard; sourceTree = "<group>"; };
		40AF54371FC753AC00E3D019 /* Assets.xcassets */ = {isa = PBXFileReference; lastKnownFileType = folder.assetcatalog; path = Assets.xcassets; sourceTree = "<group>"; };
		40AF543A1FC753AC00E3D019 /* Base */ = {isa = PBXFileReference; lastKnownFileType = file.storyboard; name = Base; path = Base.lproj/LaunchScreen.storyboard; sourceTree = "<group>"; };
		40AF543C1FC753AC00E3D019 /* Info.plist */ = {isa = PBXFileReference; lastKnownFileType = text.plist.xml; path = Info.plist; sourceTree = "<group>"; };
		40AF54411FC753AC00E3D019 /* My WallTests.xctest */ = {isa = PBXFileReference; explicitFileType = wrapper.cfbundle; includeInIndex = 0; path = "My WallTests.xctest"; sourceTree = BUILT_PRODUCTS_DIR; };
		40AF54451FC753AC00E3D019 /* My_WallTests.swift */ = {isa = PBXFileReference; lastKnownFileType = sourcecode.swift; path = My_WallTests.swift; sourceTree = "<group>"; };
		40AF54471FC753AC00E3D019 /* Info.plist */ = {isa = PBXFileReference; lastKnownFileType = text.plist.xml; path = Info.plist; sourceTree = "<group>"; };
		40AF544C1FC753AC00E3D019 /* My WallUITests.xctest */ = {isa = PBXFileReference; explicitFileType = wrapper.cfbundle; includeInIndex = 0; path = "My WallUITests.xctest"; sourceTree = BUILT_PRODUCTS_DIR; };
		40AF54501FC753AC00E3D019 /* My_WallUITests.swift */ = {isa = PBXFileReference; lastKnownFileType = sourcecode.swift; path = My_WallUITests.swift; sourceTree = "<group>"; };
		40AF54521FC753AC00E3D019 /* Info.plist */ = {isa = PBXFileReference; lastKnownFileType = text.plist.xml; path = Info.plist; sourceTree = "<group>"; };
/* End PBXFileReference section */

/* Begin PBXFrameworksBuildPhase section */
		40AF542A1FC753AB00E3D019 /* Frameworks */ = {
			isa = PBXFrameworksBuildPhase;
			buildActionMask = 2147483647;
			files = (
			);
			runOnlyForDeploymentPostprocessing = 0;
		};
		40AF543E1FC753AC00E3D019 /* Frameworks */ = {
			isa = PBXFrameworksBuildPhase;
			buildActionMask = 2147483647;
			files = (
			);
			runOnlyForDeploymentPostprocessing = 0;
		};
		40AF54491FC753AC00E3D019 /* Frameworks */ = {
			isa = PBXFrameworksBuildPhase;
			buildActionMask = 2147483647;
			files = (
			);
			runOnlyForDeploymentPostprocessing = 0;
		};
/* End PBXFrameworksBuildPhase section */

/* Begin PBXGroup section */
		40AF54241FC753AB00E3D019 = {
			isa = PBXGroup;
			children = (
				40AF542F1FC753AB00E3D019 /* My Wall */,
				40AF54441FC753AC00E3D019 /* My WallTests */,
				40AF544F1FC753AC00E3D019 /* My WallUITests */,
				40AF542E1FC753AB00E3D019 /* Products */,
			);
			sourceTree = "<group>";
		};
		40AF542E1FC753AB00E3D019 /* Products */ = {
			isa = PBXGroup;
			children = (
				40AF542D1FC753AB00E3D019 /* My Wall.app */,
				40AF54411FC753AC00E3D019 /* My WallTests.xctest */,
				40AF544C1FC753AC00E3D019 /* My WallUITests.xctest */,
			);
			name = Products;
			sourceTree = "<group>";
		};
		40AF542F1FC753AB00E3D019 /* My Wall */ = {
			isa = PBXGroup;
			children = (
				40AF54301FC753AC00E3D019 /* AppDelegate.swift */,
				40AF54321FC753AC00E3D019 /* ViewController.swift */,
				40AF54341FC753AC00E3D019 /* Main.storyboard */,
				40AF54371FC753AC00E3D019 /* Assets.xcassets */,
				40AF54391FC753AC00E3D019 /* LaunchScreen.storyboard */,
				40AF543C1FC753AC00E3D019 /* Info.plist */,
			);
			path = "My Wall";
			sourceTree = "<group>";
		};
		40AF54441FC753AC00E3D019 /* My WallTests */ = {
			isa = PBXGroup;
			children = (
				40AF54451FC753AC00E3D019 /* My_WallTests.swift */,
				40AF54471FC753AC00E3D019 /* Info.plist */,
			);
			path = "My WallTests";
			sourceTree = "<group>";
		};
		40AF544F1FC753AC00E3D019 /* My WallUITests */ = {
			isa = PBXGroup;
			children = (
				40AF54501FC753AC00E3D019 /* My_WallUITests.swift */,
				40AF54521FC753AC00E3D019 /* Info.plist */,
			);
			path = "My WallUITests";
			sourceTree = "<group>";
		};
/* End PBXGroup section */

/* Begin PBXNativeTarget section */
		40AF542C1FC753AB00E3D019 /* My Wall */ = {
			isa = PBXNativeTarget;
			buildConfigurationList = 40AF54551FC753AC00E3D019 /* Build configuration list for PBXNativeTarget "My Wall" */;
			buildPhases = (
				40AF54291FC753AB00E3D019 /* Sources */,
				40AF542A1FC753AB00E3D019 /* Frameworks */,
				40AF542B1FC753AB00E3D019 /* Resources */,
			);
			buildRules = (
			);
			dependencies = (
			);
			name = "My Wall";
			productName = "My Wall";
			productReference = 40AF542D1FC753AB00E3D019 /* My Wall.app */;
			productType = "com.apple.product-type.application";
		};
		40AF54401FC753AC00E3D019 /* My WallTests */ = {
			isa = PBXNativeTarget;
			buildConfigurationList = 40AF54581FC753AC00E3D019 /* Build configuration list for PBXNativeTarget "My WallTests" */;
			buildPhases = (
				40AF543D1FC753AC00E3D019 /* Sources */,
				40AF543E1FC753AC00E3D019 /* Frameworks */,
				40AF543F1FC753AC00E3D019 /* Resources */,
			);
			buildRules = (
			);
			dependencies = (
				40AF54431FC753AC00E3D019 /* PBXTargetDependency */,
			);
			name = "My WallTests";
			productName = "My WallTests";
			productReference = 40AF54411FC753AC00E3D019 /* My WallTests.xctest */;
			productType = "com.apple.product-type.bundle.unit-test";
		};
		40AF544B1FC753AC00E3D019 /* My WallUITests */ = {
			isa = PBXNativeTarget;
			buildConfigurationList = 40AF545B1FC753AC00E3D019 /* Build configuration list for PBXNativeTarget "My WallUITests" */;
			buildPhases = (
				40AF54481FC753AC00E3D019 /* Sources */,
				40AF54491FC753AC00E3D019 /* Frameworks */,
				40AF544A1FC753AC00E3D019 /* Resources */,
			);
			buildRules = (
			);
			dependencies = (
				40AF544E1FC753AC00E3D019 /* PBXTargetDependency */,
			);
			name = "My WallUITests";
			productName = "My WallUITests";
			productReference = 40AF544C1FC753AC00E3D019 /* My WallUITests.xctest */;
			productType = "com.apple.product-type.bundle.ui-testing";
		};
/* End PBXNativeTarget section */

/* Begin PBXProject section */
		40AF54251FC753AB00E3D019 /* Project object */ = {
			isa = PBXProject;
			attributes = {
				LastSwiftUpdateCheck = 0910;
				LastUpgradeCheck = 0910;
				ORGANIZATIONNAME = "Sobhan Eskandari";
				TargetAttributes = {
					40AF542C1FC753AB00E3D019 = {
						CreatedOnToolsVersion = 9.1;
						ProvisioningStyle = Automatic;
					};
					40AF54401FC753AC00E3D019 = {
						CreatedOnToolsVersion = 9.1;
						ProvisioningStyle = Automatic;
						TestTargetID = 40AF542C1FC753AB00E3D019;
					};
					40AF544B1FC753AC00E3D019 = {
						CreatedOnToolsVersion = 9.1;
						ProvisioningStyle = Automatic;
						TestTargetID = 40AF542C1FC753AB00E3D019;
					};
				};
			};
			buildConfigurationList = 40AF54281FC753AB00E3D019 /* Build configuration list for PBXProject "My Wall" */;
			compatibilityVersion = "Xcode 8.0";
			developmentRegion = en;
			hasScannedForEncodings = 0;
			knownRegions = (
				en,
				Base,
			);
			mainGroup = 40AF54241FC753AB00E3D019;
			productRefGroup = 40AF542E1FC753AB00E3D019 /* Products */;
			projectDirPath = "";
			projectRoot = "";
			targets = (
				40AF542C1FC753AB00E3D019 /* My Wall */,
				40AF54401FC753AC00E3D019 /* My WallTests */,
				40AF544B1FC753AC00E3D019 /* My WallUITests */,
			);
		};
/* End PBXProject section */

/* Begin PBXResourcesBuildPhase section */
		40AF542B1FC753AB00E3D019 /* Resources */ = {
			isa = PBXResourcesBuildPhase;
			buildActionMask = 2147483647;
			files = (
				40AF543B1FC753AC00E3D019 /* LaunchScreen.storyboard in Resources */,
				40AF54381FC753AC00E3D019 /* Assets.xcassets in Resources */,
				40AF54361FC753AC00E3D019 /* Main.storyboard in Resources */,
			);
			runOnlyForDeploymentPostprocessing = 0;
		};
		40AF543F1FC753AC00E3D019 /* Resources */ = {
			isa = PBXResourcesBuildPhase;
			buildActionMask = 2147483647;
			files = (
			);
			runOnlyForDeploymentPostprocessing = 0;
		};
		40AF544A1FC753AC00E3D019 /* Resources */ = {
			isa = PBXResourcesBuildPhase;
			buildActionMask = 2147483647;
			files = (
			);
			runOnlyForDeploymentPostprocessing = 0;
		};
/* End PBXResourcesBuildPhase section */

/* Begin PBXSourcesBuildPhase section */
		40AF54291FC753AB00E3D019 /* Sources */ = {
			isa = PBXSourcesBuildPhase;
			buildActionMask = 2147483647;
			files = (
				40AF54331FC753AC00E3D019 /* ViewController.swift in Sources */,
				40AF54311FC753AC00E3D019 /* AppDelegate.swift in Sources */,
			);
			runOnlyForDeploymentPostprocessing = 0;
		};
		40AF543D1FC753AC00E3D019 /* Sources */ = {
			isa = PBXSourcesBuildPhase;
			buildActionMask = 2147483647;
			files = (
				40AF54461FC753AC00E3D019 /* My_WallTests.swift in Sources */,
			);
			runOnlyForDeploymentPostprocessing = 0;
		};
		40AF54481FC753AC00E3D019 /* Sources */ = {
			isa = PBXSourcesBuildPhase;
			buildActionMask = 2147483647;
			files = (
				40AF54511FC753AC00E3D019 /* My_WallUITests.swift in Sources */,
			);
			runOnlyForDeploymentPostprocessing = 0;
		};
/* End PBXSourcesBuildPhase section */

/* Begin PBXTargetDependency section */
		40AF54431FC753AC00E3D019 /* PBXTargetDependency */ = {
			isa = PBXTargetDependency;
			target = 40AF542C1FC753AB00E3D019 /* My Wall */;
			targetProxy = 40AF54421FC753AC00E3D019 /* PBXContainerItemProxy */;
		};
		40AF544E1FC753AC00E3D019 /* PBXTargetDependency */ = {
			isa = PBXTargetDependency;
			target = 40AF542C1FC753AB00E3D019 /* My Wall */;
			targetProxy = 40AF544D1FC753AC00E3D019 /* PBXContainerItemProxy */;
		};
/* End PBXTargetDependency section */

/* Begin PBXVariantGroup section */
		40AF54341FC753AC00E3D019 /* Main.storyboard */ = {
			isa = PBXVariantGroup;
			children = (
				40AF54351FC753AC00E3D019 /* Base */,
			);
			name = Main.storyboard;
			sourceTree = "<group>";
		};
		40AF54391FC753AC00E3D019 /* LaunchScreen.storyboard */ = {
			isa = PBXVariantGroup;
			children = (
				40AF543A1FC753AC00E3D019 /* Base */,
			);
			name = LaunchScreen.storyboard;
			sourceTree = "<group>";
		};
/* End PBXVariantGroup section */

/* Begin XCBuildConfiguration section */
		40AF54531FC753AC00E3D019 /* Debug */ = {
			isa = XCBuildConfiguration;
			buildSettings = {
				ALWAYS_SEARCH_USER_PATHS = NO;
				CLANG_ANALYZER_NONNULL = YES;
				CLANG_ANALYZER_NUMBER_OBJECT_CONVERSION = YES_AGGRESSIVE;
				CLANG_CXX_LANGUAGE_STANDARD = "gnu++14";
				CLANG_CXX_LIBRARY = "libc++";
				CLANG_ENABLE_MODULES = YES;
				CLANG_ENABLE_OBJC_ARC = YES;
				CLANG_WARN_BLOCK_CAPTURE_AUTORELEASING = YES;
				CLANG_WARN_BOOL_CONVERSION = YES;
				CLANG_WARN_COMMA = YES;
				CLANG_WARN_CONSTANT_CONVERSION = YES;
				CLANG_WARN_DIRECT_OBJC_ISA_USAGE = YES_ERROR;
				CLANG_WARN_DOCUMENTATION_COMMENTS = YES;
				CLANG_WARN_EMPTY_BODY = YES;
				CLANG_WARN_ENUM_CONVERSION = YES;
				CLANG_WARN_INFINITE_RECURSION = YES;
				CLANG_WARN_INT_CONVERSION = YES;
				CLANG_WARN_NON_LITERAL_NULL_CONVERSION = YES;
				CLANG_WARN_OBJC_LITERAL_CONVERSION = YES;
				CLANG_WARN_OBJC_ROOT_CLASS = YES_ERROR;
				CLANG_WARN_RANGE_LOOP_ANALYSIS = YES;
				CLANG_WARN_STRICT_PROTOTYPES = YES;
				CLANG_WARN_SUSPICIOUS_MOVE = YES;
				CLANG_WARN_UNGUARDED_AVAILABILITY = YES_AGGRESSIVE;
				CLANG_WARN_UNREACHABLE_CODE = YES;
				CLANG_WARN__DUPLICATE_METHOD_MATCH = YES;
				CODE_SIGN_IDENTITY = "iPhone Developer";
				COPY_PHASE_STRIP = NO;
				DEBUG_INFORMATION_FORMAT = dwarf;
				ENABLE_STRICT_OBJC_MSGSEND = YES;
				ENABLE_TESTABILITY = YES;
				GCC_C_LANGUAGE_STANDARD = gnu11;
				GCC_DYNAMIC_NO_PIC = NO;
				GCC_NO_COMMON_BLOCKS = YES;
				GCC_OPTIMIZATION_LEVEL = 0;
				GCC_PREPROCESSOR_DEFINITIONS = (
					"DEBUG=1",
					"$(inherited)",
				);
				GCC_WARN_64_TO_32_BIT_CONVERSION = YES;
				GCC_WARN_ABOUT_RETURN_TYPE = YES_ERROR;
				GCC_WARN_UNDECLARED_SELECTOR = YES;
				GCC_WARN_UNINITIALIZED_AUTOS = YES_AGGRESSIVE;
				GCC_WARN_UNUSED_FUNCTION = YES;
				GCC_WARN_UNUSED_VARIABLE = YES;
				IPHONEOS_DEPLOYMENT_TARGET = 11.1;
				MTL_ENABLE_DEBUG_INFO = YES;
				ONLY_ACTIVE_ARCH = YES;
				SDKROOT = iphoneos;
				SWIFT_ACTIVE_COMPILATION_CONDITIONS = DEBUG;
				SWIFT_OPTIMIZATION_LEVEL = "-Onone";
			};
			name = Debug;
		};
		40AF54541FC753AC00E3D019 /* Release */ = {
			isa = XCBuildConfiguration;
			buildSettings = {
				ALWAYS_SEARCH_USER_PATHS = NO;
				CLANG_ANALYZER_NONNULL = YES;
				CLANG_ANALYZER_NUMBER_OBJECT_CONVERSION = YES_AGGRESSIVE;
				CLANG_CXX_LANGUAGE_STANDARD = "gnu++14";
				CLANG_CXX_LIBRARY = "libc++";
				CLANG_ENABLE_MODULES = YES;
				CLANG_ENABLE_OBJC_ARC = YES;
				CLANG_WARN_BLOCK_CAPTURE_AUTORELEASING = YES;
				CLANG_WARN_BOOL_CONVERSION = YES;
				CLANG_WARN_COMMA = YES;
				CLANG_WARN_CONSTANT_CONVERSION = YES;
				CLANG_WARN_DIRECT_OBJC_ISA_USAGE = YES_ERROR;
				CLANG_WARN_DOCUMENTATION_COMMENTS = YES;
				CLANG_WARN_EMPTY_BODY = YES;
				CLANG_WARN_ENUM_CONVERSION = YES;
				CLANG_WARN_INFINITE_RECURSION = YES;
				CLANG_WARN_INT_CONVERSION = YES;
				CLANG_WARN_NON_LITERAL_NULL_CONVERSION = YES;
				CLANG_WARN_OBJC_LITERAL_CONVERSION = YES;
				CLANG_WARN_OBJC_ROOT_CLASS = YES_ERROR;
				CLANG_WARN_RANGE_LOOP_ANALYSIS = YES;
				CLANG_WARN_STRICT_PROTOTYPES = YES;
				CLANG_WARN_SUSPICIOUS_MOVE = YES;
				CLANG_WARN_UNGUARDED_AVAILABILITY = YES_AGGRESSIVE;
				CLANG_WARN_UNREACHABLE_CODE = YES;
				CLANG_WARN__DUPLICATE_METHOD_MATCH = YES;
				CODE_SIGN_IDENTITY = "iPhone Developer";
				COPY_PHASE_STRIP = NO;
				DEBUG_INFORMATION_FORMAT = "dwarf-with-dsym";
				ENABLE_NS_ASSERTIONS = NO;
				ENABLE_STRICT_OBJC_MSGSEND = YES;
				GCC_C_LANGUAGE_STANDARD = gnu11;
				GCC_NO_COMMON_BLOCKS = YES;
				GCC_WARN_64_TO_32_BIT_CONVERSION = YES;
				GCC_WARN_ABOUT_RETURN_TYPE = YES_ERROR;
				GCC_WARN_UNDECLARED_SELECTOR = YES;
				GCC_WARN_UNINITIALIZED_AUTOS = YES_AGGRESSIVE;
				GCC_WARN_UNUSED_FUNCTION = YES;
				GCC_WARN_UNUSED_VARIABLE = YES;
				IPHONEOS_DEPLOYMENT_TARGET = 11.1;
				MTL_ENABLE_DEBUG_INFO = NO;
				SDKROOT = iphoneos;
				SWIFT_OPTIMIZATION_LEVEL = "-Owholemodule";
				VALIDATE_PRODUCT = YES;
			};
			name = Release;
		};
		40AF54561FC753AC00E3D019 /* Debug */ = {
			isa = XCBuildConfiguration;
			buildSettings = {
				ASSETCATALOG_COMPILER_APPICON_NAME = AppIcon;
				CODE_SIGN_STYLE = Automatic;
				DEVELOPMENT_TEAM = 44E38FYW6J;
				INFOPLIST_FILE = "My Wall/Info.plist";
				LD_RUNPATH_SEARCH_PATHS = "$(inherited) @executable_path/Frameworks";
				PRODUCT_BUNDLE_IDENTIFIER = "ir.ser.My-Wall";
				PRODUCT_NAME = "$(TARGET_NAME)";
				SWIFT_VERSION = 4.0;
				TARGETED_DEVICE_FAMILY = "1,2";
			};
			name = Debug;
		};
		40AF54571FC753AC00E3D019 /* Release */ = {
			isa = XCBuildConfiguration;
			buildSettings = {
				ASSETCATALOG_COMPILER_APPICON_NAME = AppIcon;
				CODE_SIGN_STYLE = Automatic;
				DEVELOPMENT_TEAM = 44E38FYW6J;
				INFOPLIST_FILE = "My Wall/Info.plist";
				LD_RUNPATH_SEARCH_PATHS = "$(inherited) @executable_path/Frameworks";
				PRODUCT_BUNDLE_IDENTIFIER = "ir.ser.My-Wall";
				PRODUCT_NAME = "$(TARGET_NAME)";
				SWIFT_VERSION = 4.0;
				TARGETED_DEVICE_FAMILY = "1,2";
			};
			name = Release;
		};
		40AF54591FC753AC00E3D019 /* Debug */ = {
			isa = XCBuildConfiguration;
			buildSettings = {
				ALWAYS_EMBED_SWIFT_STANDARD_LIBRARIES = YES;
				BUNDLE_LOADER = "$(TEST_HOST)";
				CODE_SIGN_STYLE = Automatic;
				DEVELOPMENT_TEAM = 44E38FYW6J;
				INFOPLIST_FILE = "My WallTests/Info.plist";
				LD_RUNPATH_SEARCH_PATHS = "$(inherited) @executable_path/Frameworks @loader_path/Frameworks";
				PRODUCT_BUNDLE_IDENTIFIER = "ir.ser.My-WallTests";
				PRODUCT_NAME = "$(TARGET_NAME)";
				SWIFT_VERSION = 4.0;
				TARGETED_DEVICE_FAMILY = "1,2";
				TEST_HOST = "$(BUILT_PRODUCTS_DIR)/My Wall.app/My Wall";
			};
			name = Debug;
		};
		40AF545A1FC753AC00E3D019 /* Release */ = {
			isa = XCBuildConfiguration;
			buildSettings = {
				ALWAYS_EMBED_SWIFT_STANDARD_LIBRARIES = YES;
				BUNDLE_LOADER = "$(TEST_HOST)";
				CODE_SIGN_STYLE = Automatic;
				DEVELOPMENT_TEAM = 44E38FYW6J;
				INFOPLIST_FILE = "My WallTests/Info.plist";
				LD_RUNPATH_SEARCH_PATHS = "$(inherited) @executable_path/Frameworks @loader_path/Frameworks";
				PRODUCT_BUNDLE_IDENTIFIER = "ir.ser.My-WallTests";
				PRODUCT_NAME = "$(TARGET_NAME)";
				SWIFT_VERSION = 4.0;
				TARGETED_DEVICE_FAMILY = "1,2";
				TEST_HOST = "$(BUILT_PRODUCTS_DIR)/My Wall.app/My Wall";
			};
			name = Release;
		};
		40AF545C1FC753AC00E3D019 /* Debug */ = {
			isa = XCBuildConfiguration;
			buildSettings = {
				ALWAYS_EMBED_SWIFT_STANDARD_LIBRARIES = YES;
				CODE_SIGN_STYLE = Automatic;
				DEVELOPMENT_TEAM = 44E38FYW6J;
				INFOPLIST_FILE = "My WallUITests/Info.plist";
				LD_RUNPATH_SEARCH_PATHS = "$(inherited) @executable_path/Frameworks @loader_path/Frameworks";
				PRODUCT_BUNDLE_IDENTIFIER = "ir.ser.My-WallUITests";
				PRODUCT_NAME = "$(TARGET_NAME)";
				SWIFT_VERSION = 4.0;
				TARGETED_DEVICE_FAMILY = "1,2";
				TEST_TARGET_NAME = "My Wall";
			};
			name = Debug;
		};
		40AF545D1FC753AC00E3D019 /* Release */ = {
			isa = XCBuildConfiguration;
			buildSettings = {
				ALWAYS_EMBED_SWIFT_STANDARD_LIBRARIES = YES;
				CODE_SIGN_STYLE = Automatic;
				DEVELOPMENT_TEAM = 44E38FYW6J;
				INFOPLIST_FILE = "My WallUITests/Info.plist";
				LD_RUNPATH_SEARCH_PATHS = "$(inherited) @executable_path/Frameworks @loader_path/Frameworks";
				PRODUCT_BUNDLE_IDENTIFIER = "ir.ser.My-WallUITests";
				PRODUCT_NAME = "$(TARGET_NAME)";
				SWIFT_VERSION = 4.0;
				TARGETED_DEVICE_FAMILY = "1,2";
				TEST_TARGET_NAME = "My Wall";
			};
			name = Release;
		};
/* End XCBuildConfiguration section */

/* Begin XCConfigurationList section */
		40AF54281FC753AB00E3D019 /* Build configuration list for PBXProject "My Wall" */ = {
			isa = XCConfigurationList;
			buildConfigurations = (
				40AF54531FC753AC00E3D019 /* Debug */,
				40AF54541FC753AC00E3D019 /* Release */,
			);
			defaultConfigurationIsVisible = 0;
			defaultConfigurationName = Release;
		};
		40AF54551FC753AC00E3D019 /* Build configuration list for PBXNativeTarget "My Wall" */ = {
			isa = XCConfigurationList;
			buildConfigurations = (
				40AF54561FC753AC00E3D019 /* Debug */,
				40AF54571FC753AC00E3D019 /* Release */,
			);
			defaultConfigurationIsVisible = 0;
			defaultConfigurationName = Release;
		};
		40AF54581FC753AC00E3D019 /* Build configuration list for PBXNativeTarget "My WallTests" */ = {
			isa = XCConfigurationList;
			buildConfigurations = (
				40AF54591FC753AC00E3D019 /* Debug */,
				40AF545A1FC753AC00E3D019 /* Release */,
			);
			defaultConfigurationIsVisible = 0;
			defaultConfigurationName = Release;
		};
		40AF545B1FC753AC00E3D019 /* Build configuration list for PBXNativeTarget "My WallUITests" */ = {
			isa = XCConfigurationList;
			buildConfigurations = (
				40AF545C1FC753AC00E3D019 /* Debug */,
				40AF545D1FC753AC00E3D019 /* Release */,
			);
			defaultConfigurationIsVisible = 0;
			defaultConfigurationName = Release;
		};
/* End XCConfigurationList section */
	};
	rootObject = 40AF54251FC753AB00E3D019 /* Project object */;
}
